schema: '2.0'
stages:
  train@log_reg_full:
    cmd: python src/training/train_log_reg_full.py --random-state=1
    deps:
    - path: data/processed/X_train.npy
      md5: ef43be09f109138a1181fdbcf405d8b9
      size: 1548269928
    - path: data/processed/y_train.npy
      md5: 635027b569a6bd54bfc25707ef2ee8f9
      size: 8847384
    - path: src/training/train_log_reg_full.py
      md5: 028bf46368648842b4be51ccb24633ed
      size: 1174
    outs:
    - path: models/log_reg_full/rs_1.pkl
      md5: cbd54c70622150e7ef6e525261ec4e24
      size: 6671
  evaluate@log_reg_full:
    cmd: python src/evaluation/evaluate_model.py  --metrics-file=./metrics/log_reg_full/rs_1.json
      --model-file=./models/log_reg_full/rs_1.pkl
    deps:
    - path: data/processed/X_test.npy
      md5: c27f4f411c252e6252615e1a79c1d965
      size: 387067928
    - path: data/processed/y_test.npy
      md5: b7728573eb3db9d255d5f578541f3f36
      size: 2211944
    - path: models/log_reg_full/rs_1.pkl
      md5: cbd54c70622150e7ef6e525261ec4e24
      size: 6671
    - path: src/evaluation/evaluate_model.py
      md5: c105770190d84b508ca953d30a220405
      size: 1046
    outs:
    - path: ./metrics/log_reg_full/rs_1.json
      md5: f1f3d0dea3b5ef164481c0201c9f3327
      size: 128
  train@decision_tree:
    cmd: python src/training/train_decision_tree.py --random-state=1
    deps:
    - path: data/processed/X_train.npy
      md5: ef43be09f109138a1181fdbcf405d8b9
      size: 1548269928
    - path: data/processed/y_train.npy
      md5: 635027b569a6bd54bfc25707ef2ee8f9
      size: 8847384
    - path: src/training/train_decision_tree.py
      md5: cbbb0143a82cb5f61007179d67100607
      size: 987
    outs:
    - path: models/decision_tree/rs_1.pkl
      md5: 9ef02121e81d4c838d24cd5da6d95dd1
      size: 1674
  evaluate@decision_tree:
    cmd: python src/evaluation/evaluate_model.py  --metrics-file=./metrics/decision_tree/rs_1.json
      --model-file=./models/decision_tree/rs_1.pkl
    deps:
    - path: data/processed/X_test.npy
      md5: c27f4f411c252e6252615e1a79c1d965
      size: 387067928
    - path: data/processed/y_test.npy
      md5: b7728573eb3db9d255d5f578541f3f36
      size: 2211944
    - path: models/decision_tree/rs_1.pkl
      md5: 9ef02121e81d4c838d24cd5da6d95dd1
      size: 1674
    - path: src/evaluation/evaluate_model.py
      md5: c105770190d84b508ca953d30a220405
      size: 1046
    outs:
    - path: ./metrics/decision_tree/rs_1.json
      md5: 674e6a5eea9188c439df5a11ca9430ee
      size: 127
  train@log_reg_rf_select:
    cmd: python src/training/train_log_reg_rf_select.py --random-state=1
    deps:
    - path: data/processed/X_train.npy
      md5: ef43be09f109138a1181fdbcf405d8b9
      size: 1548269928
    - path: data/processed/y_train.npy
      md5: 635027b569a6bd54bfc25707ef2ee8f9
      size: 8847384
    - path: src/training/train_log_reg_rf_select.py
      md5: b1f07ac03078acd3dd76e2ddd0bc2236
      size: 1311
    outs:
    - path: models/log_reg_rf_select/rs_1.pkl
      md5: e0cf0eed1ee3e6bf2364b468139c12b4
      size: 134705
  evaluate@log_reg_rf_select:
    cmd: python src/evaluation/evaluate_model.py  --metrics-file=./metrics/log_reg_rf_select/rs_1.json
      --model-file=./models/log_reg_rf_select/rs_1.pkl
    deps:
    - path: data/processed/X_test.npy
      md5: c27f4f411c252e6252615e1a79c1d965
      size: 387067928
    - path: data/processed/y_test.npy
      md5: b7728573eb3db9d255d5f578541f3f36
      size: 2211944
    - path: models/log_reg_rf_select/rs_1.pkl
      md5: e0cf0eed1ee3e6bf2364b468139c12b4
      size: 134705
    - path: src/evaluation/evaluate_model.py
      md5: c105770190d84b508ca953d30a220405
      size: 1046
    outs:
    - path: ./metrics/log_reg_rf_select/rs_1.json
      md5: 7af8d39bbcf3ba2921d136e5bb9967b5
      size: 129
  train@xgboost:
    cmd: python src/training/train_xgboost.py --random-state=1
    deps:
    - path: data/processed/X_train.npy
      md5: ef43be09f109138a1181fdbcf405d8b9
      size: 1548269928
    - path: data/processed/y_train.npy
      md5: 635027b569a6bd54bfc25707ef2ee8f9
      size: 8847384
    - path: src/training/train_xgboost.py
      md5: 61cc278afe8906ae3eb4322496ab869e
      size: 950
    outs:
    - path: models/xgboost/rs_1.pkl
      md5: 77b8cf9ab89337276b194efa311a3ffb
      size: 344954
  evaluate@xgboost:
    cmd: python src/evaluation/evaluate_model.py  --metrics-file=./metrics/xgboost/rs_1.json
      --model-file=./models/xgboost/rs_1.pkl
    deps:
    - path: data/processed/X_test.npy
      md5: c27f4f411c252e6252615e1a79c1d965
      size: 387067928
    - path: data/processed/y_test.npy
      md5: b7728573eb3db9d255d5f578541f3f36
      size: 2211944
    - path: models/xgboost/rs_1.pkl
      md5: 77b8cf9ab89337276b194efa311a3ffb
      size: 344954
    - path: src/evaluation/evaluate_model.py
      md5: c105770190d84b508ca953d30a220405
      size: 1046
    outs:
    - path: ./metrics/xgboost/rs_1.json
      md5: a65d36691e8ad16df2c8f11d6f020414
      size: 129
