schema: '2.0'
stages:
  train@log_reg_full:
    cmd: python src/training/train_log_reg_full.py --random-state=1
    deps:
    - path: data/processed/X_train.npy
      md5: f7a792a6a6dd1490743da561355dd526
      size: 1530575416
    - path: data/processed/y_train.npy
      md5: 635027b569a6bd54bfc25707ef2ee8f9
      size: 8847384
    - path: src/training/train_log_reg_full.py
      md5: 028bf46368648842b4be51ccb24633ed
      size: 1174
    outs:
    - path: models/log_reg_full/rs_1.pkl
      md5: 66688141277457384b4a6db96a7b9469
      size: 6607
  evaluate@log_reg_full:
    cmd: python src/evaluation/evaluate_model.py  --metrics-file=./metrics/log_reg_full/rs_1.json
      --model-file=./models/log_reg_full/rs_1.pkl
    deps:
    - path: data/processed/X_test.npy
      md5: 7796b43d7119288d64f13c4afda46136
      size: 382644296
    - path: data/processed/y_test.npy
      md5: b7728573eb3db9d255d5f578541f3f36
      size: 2211944
    - path: models/log_reg_full/rs_1.pkl
      md5: 66688141277457384b4a6db96a7b9469
      size: 6607
    - path: src/evaluation/evaluate_model.py
      md5: d8a29473ab15e9ddf52942a423e9f660
      size: 1181
    outs:
    - path: ./metrics/log_reg_full/rs_1.json
      md5: c9fcdfd6b2e2952bc0b6f03909286c77
      size: 129
  train@decision_tree:
    cmd: python src/training/train_decision_tree.py --random-state=1
    deps:
    - path: data/processed/X_train.npy
      md5: f7a792a6a6dd1490743da561355dd526
      size: 1530575416
    - path: data/processed/y_train.npy
      md5: 635027b569a6bd54bfc25707ef2ee8f9
      size: 8847384
    - path: src/training/train_decision_tree.py
      md5: cbbb0143a82cb5f61007179d67100607
      size: 987
    outs:
    - path: models/decision_tree/rs_1.pkl
      md5: 6a7f40c1ad4762b358fdf63a37cac25c
      size: 1674
  evaluate@decision_tree:
    cmd: python src/evaluation/evaluate_model.py  --metrics-file=./metrics/decision_tree/rs_1.json
      --model-file=./models/decision_tree/rs_1.pkl
    deps:
    - path: data/processed/X_test.npy
      md5: 7796b43d7119288d64f13c4afda46136
      size: 382644296
    - path: data/processed/y_test.npy
      md5: b7728573eb3db9d255d5f578541f3f36
      size: 2211944
    - path: models/decision_tree/rs_1.pkl
      md5: 6a7f40c1ad4762b358fdf63a37cac25c
      size: 1674
    - path: src/evaluation/evaluate_model.py
      md5: d8a29473ab15e9ddf52942a423e9f660
      size: 1181
    outs:
    - path: ./metrics/decision_tree/rs_1.json
      md5: 674e6a5eea9188c439df5a11ca9430ee
      size: 127
  train@log_reg_rf_select:
    cmd: python src/training/train_log_reg_rf_select.py --random-state=1
    deps:
    - path: data/processed/X_train.npy
      md5: f7a792a6a6dd1490743da561355dd526
      size: 1530575416
    - path: data/processed/y_train.npy
      md5: 635027b569a6bd54bfc25707ef2ee8f9
      size: 8847384
    - path: src/training/train_log_reg_rf_select.py
      md5: b1f07ac03078acd3dd76e2ddd0bc2236
      size: 1311
    outs:
    - path: models/log_reg_rf_select/rs_1.pkl
      md5: 72f6ca3d97ad8822bd3a338dcb853923
      size: 138113
  evaluate@log_reg_rf_select:
    cmd: python src/evaluation/evaluate_model.py  --metrics-file=./metrics/log_reg_rf_select/rs_1.json
      --model-file=./models/log_reg_rf_select/rs_1.pkl
    deps:
    - path: data/processed/X_test.npy
      md5: 7796b43d7119288d64f13c4afda46136
      size: 382644296
    - path: data/processed/y_test.npy
      md5: b7728573eb3db9d255d5f578541f3f36
      size: 2211944
    - path: models/log_reg_rf_select/rs_1.pkl
      md5: 72f6ca3d97ad8822bd3a338dcb853923
      size: 138113
    - path: src/evaluation/evaluate_model.py
      md5: d8a29473ab15e9ddf52942a423e9f660
      size: 1181
    outs:
    - path: ./metrics/log_reg_rf_select/rs_1.json
      md5: 05159161a6db204901d24a84bcf7175e
      size: 129
  train@xgboost:
    cmd: python src/training/train_xgboost.py --random-state=1
    deps:
    - path: data/processed/X_train.npy
      md5: f7a792a6a6dd1490743da561355dd526
      size: 1530575416
    - path: data/processed/y_train.npy
      md5: 635027b569a6bd54bfc25707ef2ee8f9
      size: 8847384
    - path: src/training/train_xgboost.py
      md5: 61cc278afe8906ae3eb4322496ab869e
      size: 950
    outs:
    - path: models/xgboost/rs_1.pkl
      md5: 3b9b63eea3efb01c97ee3ee110521792
      size: 357471
  evaluate@xgboost:
    cmd: python src/evaluation/evaluate_model.py  --metrics-file=./metrics/xgboost/rs_1.json
      --model-file=./models/xgboost/rs_1.pkl
    deps:
    - path: data/processed/X_test.npy
      md5: 7796b43d7119288d64f13c4afda46136
      size: 382644296
    - path: data/processed/y_test.npy
      md5: b7728573eb3db9d255d5f578541f3f36
      size: 2211944
    - path: models/xgboost/rs_1.pkl
      md5: 3b9b63eea3efb01c97ee3ee110521792
      size: 357471
    - path: src/evaluation/evaluate_model.py
      md5: d8a29473ab15e9ddf52942a423e9f660
      size: 1181
    outs:
    - path: ./metrics/xgboost/rs_1.json
      md5: 67a24fcfcc6ca96b13193ae2fa38f802
      size: 129
