schema: '2.0'
stages:
  split_data:
    cmd: python src/features/split_data.py
    deps:
    - path: data/raw/accepted_2007_to_2018Q4.csv
      md5: 40d0463a883c602e3732b5f821a3dac7
      size: 1675133810
    - path: src/features/split_data.py
      md5: 51424a42e0fc1bc7dbd52e54ca402ef7
      size: 1165
    outs:
    - path: data/interim/test_raw.csv
      md5: fb79a5dc2191f6b697be6b00b2ff66c9
      size: 198194262
    - path: data/interim/train_raw.csv
      md5: f0224d40670d7e39726891f26da5d4fe
      size: 792688625
  clean_data:
    cmd: python src/features/clean_data.py
    deps:
    - path: data/interim/test_raw.csv
      md5: fb79a5dc2191f6b697be6b00b2ff66c9
      size: 198194262
    - path: data/interim/train_raw.csv
      md5: f0224d40670d7e39726891f26da5d4fe
      size: 792688625
    - path: src/features/clean_data.py
      md5: 4f3ea9b72171b08a9bbec20b355faaef
      size: 5166
    outs:
    - path: data/interim/test_clean.csv
      md5: dda115150138bb960250e1a1b9073228
      size: 139957762
    - path: data/interim/train_clean.csv
      md5: 74509a711440c2acc089d601f8f383fb
      size: 559797268
  encode_features:
    cmd: python src/features/encode_features.py
    deps:
    - path: data/interim/test_clean.csv
      md5: dda115150138bb960250e1a1b9073228
      size: 139957762
    - path: data/interim/train_clean.csv
      md5: 74509a711440c2acc089d601f8f383fb
      size: 559797268
    - path: src/features/encode_features.py
      md5: 09a3bbcbf52df41742dfcfff0c4c37cc
      size: 2559
    outs:
    - path: data/processed/X_test.npy
      md5: 7796b43d7119288d64f13c4afda46136
      size: 382644296
    - path: data/processed/X_train.npy
      md5: f7a792a6a6dd1490743da561355dd526
      size: 1530575416
    - path: data/processed/y_test.npy
      md5: b7728573eb3db9d255d5f578541f3f36
      size: 2211944
    - path: data/processed/y_train.npy
      md5: 635027b569a6bd54bfc25707ef2ee8f9
      size: 8847384
    - path: models/columns_encoder.pkl
      md5: 982a6cc08862c7addab8d249c3e57d59
      size: 3648
