schema: '2.0'
stages:
  split_data:
    cmd: python src/features/split_data.py
    deps:
    - path: data/raw/accepted_2007_to_2018Q4.csv
      md5: 40d0463a883c602e3732b5f821a3dac7
      size: 1675133810
    - path: src/features/split_data.py
      md5: 51424a42e0fc1bc7dbd52e54ca402ef7
      size: 1165
    outs:
    - path: data/interim/test_raw.csv
      md5: fb79a5dc2191f6b697be6b00b2ff66c9
      size: 198194262
    - path: data/interim/train_raw.csv
      md5: f0224d40670d7e39726891f26da5d4fe
      size: 792688625
  clean_data:
    cmd: python src/features/clean_data.py
    deps:
    - path: data/interim/test_raw.csv
      md5: fb79a5dc2191f6b697be6b00b2ff66c9
      size: 198194262
    - path: data/interim/train_raw.csv
      md5: f0224d40670d7e39726891f26da5d4fe
      size: 792688625
    - path: src/features/clean_data.py
      md5: fff75106be6d0b4a38781fbc50674472
      size: 4656
    outs:
    - path: data/interim/test_clean.csv
      md5: 3919508089f4ac2d721add20db0b2116
      size: 140510737
    - path: data/interim/train_clean.csv
      md5: 424716ffaaae0d6b63b8e1cab5b7832a
      size: 562009103
  encode_features:
    cmd: python src/features/encode_features.py
    deps:
    - path: data/interim/test_clean.csv
      md5: 3919508089f4ac2d721add20db0b2116
      size: 140510737
    - path: data/interim/train_clean.csv
      md5: 424716ffaaae0d6b63b8e1cab5b7832a
      size: 562009103
    - path: src/features/encode_features.py
      md5: aaa74bc3f81fda101f76e6d563462084
      size: 2488
    outs:
    - path: data/processed/X_test.npy
      md5: c27f4f411c252e6252615e1a79c1d965
      size: 387067928
    - path: data/processed/X_train.npy
      md5: ef43be09f109138a1181fdbcf405d8b9
      size: 1548269928
    - path: data/processed/y_test.npy
      md5: b7728573eb3db9d255d5f578541f3f36
      size: 2211944
    - path: data/processed/y_train.npy
      md5: 635027b569a6bd54bfc25707ef2ee8f9
      size: 8847384
    - path: models/columns_encoder.pkl
      md5: 741adac4274bb1909d0a966e9dcf2546
      size: 3716
